
Microsoft Visual Studio Solution File, Format Version 12.00
# Visual Studio Version 16
VisualStudioVersion = 16.0.29123.88
MinimumVisualStudioVersion = 10.0.40219.1
Project("{FAE04EC0-301F-11D3-BF4B-00C04F79EFBC}") = "NUnitTestRestApi", "NUnitTestRestApi.csproj", "{C046DB21-C94E-4BBD-B4D3-6AF1B8CAAA45}"
EndProject
Global
	GlobalSection(SolutionConfigurationPlatforms) = preSolution
		Debug|Any CPU = Debug|Any CPU
		Release|Any CPU = Release|Any CPU
	EndGlobalSection
	GlobalSection(ProjectConfigurationPlatforms) = postSolution
		{C046DB21-C94E-4BBD-B4D3-6AF1B8CAAA45}.Debug|Any CPU.ActiveCfg = Debug|Any CPU
		{C046DB21-C94E-4BBD-B4D3-6AF1B8CAAA45}.Debug|Any CPU.Build.0 = Debug|Any CPU
		{C046DB21-C94E-4BBD-B4D3-6AF1B8CAAA45}.Release|Any CPU.ActiveCfg = Release|Any CPU
		{C046DB21-C94E-4BBD-B4D3-6AF1B8CAAA45}.Release|Any CPU.Build.0 = Release|Any CPU
	EndGlobalSection
	GlobalSection(SolutionProperties) = preSolution
		HideSolutionNode = FALSE
	EndGlobalSection
	GlobalSection(ExtensibilityGlobals) = postSolution
		SolutionGuid = {6E582A02-B419-45E3-BB9B-43EBBB1B41F1}
	EndGlobalSection
EndGlobal
